
Microsoft Visual Studio Solution File, Format Version 12.00
# Visual Studio 15
VisualStudioVersion = 15.0.27130.2036
MinimumVisualStudioVersion = 10.0.40219.1
Project("{8BC9CEB8-8B4A-11D0-8D11-00A0C91BC942}") = "MinstCNN", "MinstCNN\MinstCNN.vcxproj", "{6BA77B31-B1DA-43B8-BAD1-D3AE2DBC14BC}"
EndProject
Global
	GlobalSection(SolutionConfigurationPlatforms) = preSolution
		Debug|x64 = Debug|x64
		Debug|x86 = Debug|x86
		Release|x64 = Release|x64
		Release|x86 = Release|x86
	EndGlobalSection
	GlobalSection(ProjectConfigurationPlatforms) = postSolution
		{6BA77B31-B1DA-43B8-BAD1-D3AE2DBC14BC}.Debug|x64.ActiveCfg = Debug|x64
		{6BA77B31-B1DA-43B8-BAD1-D3AE2DBC14BC}.Debug|x64.Build.0 = Debug|x64
		{6BA77B31-B1DA-43B8-BAD1-D3AE2DBC14BC}.Debug|x86.ActiveCfg = Debug|Win32
		{6BA77B31-B1DA-43B8-BAD1-D3AE2DBC14BC}.Debug|x86.Build.0 = Debug|Win32
		{6BA77B31-B1DA-43B8-BAD1-D3AE2DBC14BC}.Release|x64.ActiveCfg = Release|x64
		{6BA77B31-B1DA-43B8-BAD1-D3AE2DBC14BC}.Release|x64.Build.0 = Release|x64
		{6BA77B31-B1DA-43B8-BAD1-D3AE2DBC14BC}.Release|x86.ActiveCfg = Release|Win32
		{6BA77B31-B1DA-43B8-BAD1-D3AE2DBC14BC}.Release|x86.Build.0 = Release|Win32
	EndGlobalSection
	GlobalSection(SolutionProperties) = preSolution
		HideSolutionNode = FALSE
	EndGlobalSection
	GlobalSection(ExtensibilityGlobals) = postSolution
		SolutionGuid = {AFC5D07F-3ACE-45BC-9649-EFD9E3BAE97A}
	EndGlobalSection
EndGlobal
